
Microsoft Visual Studio Solution File, Format Version 12.00
# Visual Studio Version 17
VisualStudioVersion = 17.14.36915.13 d17.14
MinimumVisualStudioVersion = 10.0.40219.1
Project("{FAE04EC0-301F-11D3-BF4B-00C04F79EFBC}") = "Travelist", "Travelist\Travelist.csproj", "{DC048D34-9A14-4B64-AB2D-A78DABC97717}"
EndProject
Global
	GlobalSection(SolutionConfigurationPlatforms) = preSolution
		Debug|Any CPU = Debug|Any CPU
		Release|Any CPU = Release|Any CPU
	EndGlobalSection
	GlobalSection(ProjectConfigurationPlatforms) = postSolution
		{DC048D34-9A14-4B64-AB2D-A78DABC97717}.Debug|Any CPU.ActiveCfg = Debug|Any CPU
		{DC048D34-9A14-4B64-AB2D-A78DABC97717}.Debug|Any CPU.Build.0 = Debug|Any CPU
		{DC048D34-9A14-4B64-AB2D-A78DABC97717}.Release|Any CPU.ActiveCfg = Release|Any CPU
		{DC048D34-9A14-4B64-AB2D-A78DABC97717}.Release|Any CPU.Build.0 = Release|Any CPU
	EndGlobalSection
	GlobalSection(SolutionProperties) = preSolution
		HideSolutionNode = FALSE
	EndGlobalSection
	GlobalSection(ExtensibilityGlobals) = postSolution
		SolutionGuid = {AE15459F-7386-415D-B79D-BF7570B179F3}
	EndGlobalSection
EndGlobal
